
Microsoft Visual Studio Solution File, Format Version 12.00
# Visual Studio Version 17
VisualStudioVersion = 17.5.33414.496
MinimumVisualStudioVersion = 10.0.40219.1
Project("{FAE04EC0-301F-11D3-BF4B-00C04F79EFBC}") = "SaleConsoleUI", "SaleConsoleUI\SaleConsoleUI.csproj", "{6D1079C0-DC90-487F-9EDC-E12826BAEF61}"
EndProject
Project("{FAE04EC0-301F-11D3-BF4B-00C04F79EFBC}") = "DemoLibrary", "DemoLibrary\DemoLibrary.csproj", "{9953C0BB-D93D-4EB8-8082-CD5179E53B9C}"
EndProject
Global
	GlobalSection(SolutionConfigurationPlatforms) = preSolution
		Debug|Any CPU = Debug|Any CPU
		Release|Any CPU = Release|Any CPU
	EndGlobalSection
	GlobalSection(ProjectConfigurationPlatforms) = postSolution
		{6D1079C0-DC90-487F-9EDC-E12826BAEF61}.Debug|Any CPU.ActiveCfg = Debug|Any CPU
		{6D1079C0-DC90-487F-9EDC-E12826BAEF61}.Debug|Any CPU.Build.0 = Debug|Any CPU
		{6D1079C0-DC90-487F-9EDC-E12826BAEF61}.Release|Any CPU.ActiveCfg = Release|Any CPU
		{6D1079C0-DC90-487F-9EDC-E12826BAEF61}.Release|Any CPU.Build.0 = Release|Any CPU
		{9953C0BB-D93D-4EB8-8082-CD5179E53B9C}.Debug|Any CPU.ActiveCfg = Debug|Any CPU
		{9953C0BB-D93D-4EB8-8082-CD5179E53B9C}.Debug|Any CPU.Build.0 = Debug|Any CPU
		{9953C0BB-D93D-4EB8-8082-CD5179E53B9C}.Release|Any CPU.ActiveCfg = Release|Any CPU
		{9953C0BB-D93D-4EB8-8082-CD5179E53B9C}.Release|Any CPU.Build.0 = Release|Any CPU
	EndGlobalSection
	GlobalSection(SolutionProperties) = preSolution
		HideSolutionNode = FALSE
	EndGlobalSection
	GlobalSection(ExtensibilityGlobals) = postSolution
		SolutionGuid = {FA59B39E-8FDE-49BC-97B2-8869BFED4BC6}
	EndGlobalSection
EndGlobal
